// !$*UTF8*$!
{
	archiveVersion = 1;
	classes = {
	};
	objectVersion = 46;
	objects = {

/* Begin PBXBuildFile section */
		36AC591E1A50CDAB00A54F49 /* AppDelegate.swift in Sources */ = {isa = PBXBuildFile; fileRef = 36AC591D1A50CDAB00A54F49 /* AppDelegate.swift */; };
		36AC59211A50CDAB00A54F49 /* catalogo.xcdatamodeld in Sources */ = {isa = PBXBuildFile; fileRef = 36AC591F1A50CDAB00A54F49 /* catalogo.xcdatamodeld */; };
		36AC59231A50CDAB00A54F49 /* ViewController.swift in Sources */ = {isa = PBXBuildFile; fileRef = 36AC59221A50CDAB00A54F49 /* ViewController.swift */; };
		36AC59281A50CDAB00A54F49 /* Images.xcassets in Resources */ = {isa = PBXBuildFile; fileRef = 36AC59271A50CDAB00A54F49 /* Images.xcassets */; };
		36AC592B1A50CDAB00A54F49 /* LaunchScreen.xib in Resources */ = {isa = PBXBuildFile; fileRef = 36AC59291A50CDAB00A54F49 /* LaunchScreen.xib */; };
		36AC59371A50CDAB00A54F49 /* catalogoTests.swift in Sources */ = {isa = PBXBuildFile; fileRef = 36AC59361A50CDAB00A54F49 /* catalogoTests.swift */; };
		36AC59411A50CEFB00A54F49 /* Main.storyboard in Resources */ = {isa = PBXBuildFile; fileRef = 36AC59401A50CEFB00A54F49 /* Main.storyboard */; };
		36AC59431A50D3D000A54F49 /* ListTableViewController.swift in Sources */ = {isa = PBXBuildFile; fileRef = 36AC59421A50D3D000A54F49 /* ListTableViewController.swift */; };
		36AC59451A50D48E00A54F49 /* ItemViewController.swift in Sources */ = {isa = PBXBuildFile; fileRef = 36AC59441A50D48E00A54F49 /* ItemViewController.swift */; };
		36AC59471A50D4C700A54F49 /* Model.swift in Sources */ = {isa = PBXBuildFile; fileRef = 36AC59461A50D4C700A54F49 /* Model.swift */; };
/* End PBXBuildFile section */

/* Begin PBXContainerItemProxy section */
		36AC59311A50CDAB00A54F49 /* PBXContainerItemProxy */ = {
			isa = PBXContainerItemProxy;
			containerPortal = 36AC59101A50CDAB00A54F49 /* Project object */;
			proxyType = 1;
			remoteGlobalIDString = 36AC59171A50CDAB00A54F49;
			remoteInfo = catalogo;
		};
/* End PBXContainerItemProxy section */

/* Begin PBXFileReference section */
		36AC59181A50CDAB00A54F49 /* catalogo.app */ = {isa = PBXFileReference; explicitFileType = wrapper.application; includeInIndex = 0; path = catalogo.app; sourceTree = BUILT_PRODUCTS_DIR; };
		36AC591C1A50CDAB00A54F49 /* Info.plist */ = {isa = PBXFileReference; lastKnownFileType = text.plist.xml; path = Info.plist; sourceTree = "<group>"; };
		36AC591D1A50CDAB00A54F49 /* AppDelegate.swift */ = {isa = PBXFileReference; lastKnownFileType = sourcecode.swift; path = AppDelegate.swift; sourceTree = "<group>"; };
		36AC59201A50CDAB00A54F49 /* catalogo.xcdatamodel */ = {isa = PBXFileReference; lastKnownFileType = wrapper.xcdatamodel; path = catalogo.xcdatamodel; sourceTree = "<group>"; };
		36AC59221A50CDAB00A54F49 /* ViewController.swift */ = {isa = PBXFileReference; lastKnownFileType = sourcecode.swift; path = ViewController.swift; sourceTree = "<group>"; };
		36AC59271A50CDAB00A54F49 /* Images.xcassets */ = {isa = PBXFileReference; lastKnownFileType = folder.assetcatalog; path = Images.xcassets; sourceTree = "<group>"; };
		36AC592A1A50CDAB00A54F49 /* Base */ = {isa = PBXFileReference; lastKnownFileType = file.xib; name = Base; path = Base.lproj/LaunchScreen.xib; sourceTree = "<group>"; };
		36AC59301A50CDAB00A54F49 /* catalogoTests.xctest */ = {isa = PBXFileReference; explicitFileType = wrapper.cfbundle; includeInIndex = 0; path = catalogoTests.xctest; sourceTree = BUILT_PRODUCTS_DIR; };
		36AC59351A50CDAB00A54F49 /* Info.plist */ = {isa = PBXFileReference; lastKnownFileType = text.plist.xml; path = Info.plist; sourceTree = "<group>"; };
		36AC59361A50CDAB00A54F49 /* catalogoTests.swift */ = {isa = PBXFileReference; lastKnownFileType = sourcecode.swift; path = catalogoTests.swift; sourceTree = "<group>"; };
		36AC59401A50CEFB00A54F49 /* Main.storyboard */ = {isa = PBXFileReference; fileEncoding = 4; lastKnownFileType = file.storyboard; path = Main.storyboard; sourceTree = "<group>"; };
		36AC59421A50D3D000A54F49 /* ListTableViewController.swift */ = {isa = PBXFileReference; fileEncoding = 4; lastKnownFileType = sourcecode.swift; path = ListTableViewController.swift; sourceTree = "<group>"; };
		36AC59441A50D48E00A54F49 /* ItemViewController.swift */ = {isa = PBXFileReference; fileEncoding = 4; lastKnownFileType = sourcecode.swift; path = ItemViewController.swift; sourceTree = "<group>"; };
		36AC59461A50D4C700A54F49 /* Model.swift */ = {isa = PBXFileReference; fileEncoding = 4; lastKnownFileType = sourcecode.swift; path = Model.swift; sourceTree = "<group>"; };
/* End PBXFileReference section */

/* Begin PBXFrameworksBuildPhase section */
		36AC59151A50CDAB00A54F49 /* Frameworks */ = {
			isa = PBXFrameworksBuildPhase;
			buildActionMask = 2147483647;
			files = (
			);
			runOnlyForDeploymentPostprocessing = 0;
		};
		36AC592D1A50CDAB00A54F49 /* Frameworks */ = {
			isa = PBXFrameworksBuildPhase;
			buildActionMask = 2147483647;
			files = (
			);
			runOnlyForDeploymentPostprocessing = 0;
		};
/* End PBXFrameworksBuildPhase section */

/* Begin PBXGroup section */
		36AC590F1A50CDAB00A54F49 = {
			isa = PBXGroup;
			children = (
				36AC59401A50CEFB00A54F49 /* Main.storyboard */,
				36AC591A1A50CDAB00A54F49 /* catalogo */,
				36AC59331A50CDAB00A54F49 /* catalogoTests */,
				36AC59191A50CDAB00A54F49 /* Products */,
			);
			sourceTree = "<group>";
		};
		36AC59191A50CDAB00A54F49 /* Products */ = {
			isa = PBXGroup;
			children = (
				36AC59181A50CDAB00A54F49 /* catalogo.app */,
				36AC59301A50CDAB00A54F49 /* catalogoTests.xctest */,
			);
			name = Products;
			sourceTree = "<group>";
		};
		36AC591A1A50CDAB00A54F49 /* catalogo */ = {
			isa = PBXGroup;
			children = (
				36AC591D1A50CDAB00A54F49 /* AppDelegate.swift */,
				36AC59441A50D48E00A54F49 /* ItemViewController.swift */,
				36AC59461A50D4C700A54F49 /* Model.swift */,
				36AC59421A50D3D000A54F49 /* ListTableViewController.swift */,
				36AC59221A50CDAB00A54F49 /* ViewController.swift */,
				36AC59271A50CDAB00A54F49 /* Images.xcassets */,
				36AC59291A50CDAB00A54F49 /* LaunchScreen.xib */,
				36AC591F1A50CDAB00A54F49 /* catalogo.xcdatamodeld */,
				36AC591B1A50CDAB00A54F49 /* Supporting Files */,
			);
			path = catalogo;
			sourceTree = "<group>";
		};
		36AC591B1A50CDAB00A54F49 /* Supporting Files */ = {
			isa = PBXGroup;
			children = (
				36AC591C1A50CDAB00A54F49 /* Info.plist */,
			);
			name = "Supporting Files";
			sourceTree = "<group>";
		};
		36AC59331A50CDAB00A54F49 /* catalogoTests */ = {
			isa = PBXGroup;
			children = (
				36AC59361A50CDAB00A54F49 /* catalogoTests.swift */,
				36AC59341A50CDAB00A54F49 /* Supporting Files */,
			);
			path = catalogoTests;
			sourceTree = "<group>";
		};
		36AC59341A50CDAB00A54F49 /* Supporting Files */ = {
			isa = PBXGroup;
			children = (
				36AC59351A50CDAB00A54F49 /* Info.plist */,
			);
			name = "Supporting Files";
			sourceTree = "<group>";
		};
/* End PBXGroup section */

/* Begin PBXNativeTarget section */
		36AC59171A50CDAB00A54F49 /* catalogo */ = {
			isa = PBXNativeTarget;
			buildConfigurationList = 36AC593A1A50CDAB00A54F49 /* Build configuration list for PBXNativeTarget "catalogo" */;
			buildPhases = (
				36AC59141A50CDAB00A54F49 /* Sources */,
				36AC59151A50CDAB00A54F49 /* Frameworks */,
				36AC59161A50CDAB00A54F49 /* Resources */,
			);
			buildRules = (
			);
			dependencies = (
			);
			name = catalogo;
			productName = catalogo;
			productReference = 36AC59181A50CDAB00A54F49 /* catalogo.app */;
			productType = "com.apple.product-type.application";
		};
		36AC592F1A50CDAB00A54F49 /* catalogoTests */ = {
			isa = PBXNativeTarget;
			buildConfigurationList = 36AC593D1A50CDAB00A54F49 /* Build configuration list for PBXNativeTarget "catalogoTests" */;
			buildPhases = (
				36AC592C1A50CDAB00A54F49 /* Sources */,
				36AC592D1A50CDAB00A54F49 /* Frameworks */,
				36AC592E1A50CDAB00A54F49 /* Resources */,
			);
			buildRules = (
			);
			dependencies = (
				36AC59321A50CDAB00A54F49 /* PBXTargetDependency */,
			);
			name = catalogoTests;
			productName = catalogoTests;
			productReference = 36AC59301A50CDAB00A54F49 /* catalogoTests.xctest */;
			productType = "com.apple.product-type.bundle.unit-test";
		};
/* End PBXNativeTarget section */

/* Begin PBXProject section */
		36AC59101A50CDAB00A54F49 /* Project object */ = {
			isa = PBXProject;
			attributes = {
				LastUpgradeCheck = 0610;
				ORGANIZATIONNAME = Cuatroo;
				TargetAttributes = {
					36AC59171A50CDAB00A54F49 = {
						CreatedOnToolsVersion = 6.1.1;
					};
					36AC592F1A50CDAB00A54F49 = {
						CreatedOnToolsVersion = 6.1.1;
						TestTargetID = 36AC59171A50CDAB00A54F49;
					};
				};
			};
			buildConfigurationList = 36AC59131A50CDAB00A54F49 /* Build configuration list for PBXProject "catalogo" */;
			compatibilityVersion = "Xcode 3.2";
			developmentRegion = English;
			hasScannedForEncodings = 0;
			knownRegions = (
				en,
				Base,
			);
			mainGroup = 36AC590F1A50CDAB00A54F49;
			productRefGroup = 36AC59191A50CDAB00A54F49 /* Products */;
			projectDirPath = "";
			projectRoot = "";
			targets = (
				36AC59171A50CDAB00A54F49 /* catalogo */,
				36AC592F1A50CDAB00A54F49 /* catalogoTests */,
			);
		};
/* End PBXProject section */

/* Begin PBXResourcesBuildPhase section */
		36AC59161A50CDAB00A54F49 /* Resources */ = {
			isa = PBXResourcesBuildPhase;
			buildActionMask = 2147483647;
			files = (
				36AC59411A50CEFB00A54F49 /* Main.storyboard in Resources */,
				36AC592B1A50CDAB00A54F49 /* LaunchScreen.xib in Resources */,
				36AC59281A50CDAB00A54F49 /* Images.xcassets in Resources */,
			);
			runOnlyForDeploymentPostprocessing = 0;
		};
		36AC592E1A50CDAB00A54F49 /* Resources */ = {
			isa = PBXResourcesBuildPhase;
			buildActionMask = 2147483647;
			files = (
			);
			runOnlyForDeploymentPostprocessing = 0;
		};
/* End PBXResourcesBuildPhase section */

/* Begin PBXSourcesBuildPhase section */
		36AC59141A50CDAB00A54F49 /* Sources */ = {
			isa = PBXSourcesBuildPhase;
			buildActionMask = 2147483647;
			files = (
				36AC59231A50CDAB00A54F49 /* ViewController.swift in Sources */,
				36AC591E1A50CDAB00A54F49 /* AppDelegate.swift in Sources */,
				36AC59451A50D48E00A54F49 /* ItemViewController.swift in Sources */,
				36AC59471A50D4C700A54F49 /* Model.swift in Sources */,
				36AC59211A50CDAB00A54F49 /* catalogo.xcdatamodeld in Sources */,
				36AC59431A50D3D000A54F49 /* ListTableViewController.swift in Sources */,
			);
			runOnlyForDeploymentPostprocessing = 0;
		};
		36AC592C1A50CDAB00A54F49 /* Sources */ = {
			isa = PBXSourcesBuildPhase;
			buildActionMask = 2147483647;
			files = (
				36AC59371A50CDAB00A54F49 /* catalogoTests.swift in Sources */,
			);
			runOnlyForDeploymentPostprocessing = 0;
		};
/* End PBXSourcesBuildPhase section */

/* Begin PBXTargetDependency section */
		36AC59321A50CDAB00A54F49 /* PBXTargetDependency */ = {
			isa = PBXTargetDependency;
			target = 36AC59171A50CDAB00A54F49 /* catalogo */;
			targetProxy = 36AC59311A50CDAB00A54F49 /* PBXContainerItemProxy */;
		};
/* End PBXTargetDependency section */

/* Begin PBXVariantGroup section */
		36AC59291A50CDAB00A54F49 /* LaunchScreen.xib */ = {
			isa = PBXVariantGroup;
			children = (
				36AC592A1A50CDAB00A54F49 /* Base */,
			);
			name = LaunchScreen.xib;
			sourceTree = "<group>";
		};
/* End PBXVariantGroup section */

/* Begin XCBuildConfiguration section */
		36AC59381A50CDAB00A54F49 /* Debug */ = {
			isa = XCBuildConfiguration;
			buildSettings = {
				ALWAYS_SEARCH_USER_PATHS = NO;
				CLANG_CXX_LANGUAGE_STANDARD = "gnu++0x";
				CLANG_CXX_LIBRARY = "libc++";
				CLANG_ENABLE_MODULES = YES;
				CLANG_ENABLE_OBJC_ARC = YES;
				CLANG_WARN_BOOL_CONVERSION = YES;
				CLANG_WARN_CONSTANT_CONVERSION = YES;
				CLANG_WARN_DIRECT_OBJC_ISA_USAGE = YES_ERROR;
				CLANG_WARN_EMPTY_BODY = YES;
				CLANG_WARN_ENUM_CONVERSION = YES;
				CLANG_WARN_INT_CONVERSION = YES;
				CLANG_WARN_OBJC_ROOT_CLASS = YES_ERROR;
				CLANG_WARN_UNREACHABLE_CODE = YES;
				CLANG_WARN__DUPLICATE_METHOD_MATCH = YES;
				"CODE_SIGN_IDENTITY[sdk=iphoneos*]" = "iPhone Developer";
				COPY_PHASE_STRIP = NO;
				ENABLE_STRICT_OBJC_MSGSEND = YES;
				GCC_C_LANGUAGE_STANDARD = gnu99;
				GCC_DYNAMIC_NO_PIC = NO;
				GCC_OPTIMIZATION_LEVEL = 0;
				GCC_PREPROCESSOR_DEFINITIONS = (
					"DEBUG=1",
					"$(inherited)",
				);
				GCC_SYMBOLS_PRIVATE_EXTERN = NO;
				GCC_WARN_64_TO_32_BIT_CONVERSION = YES;
				GCC_WARN_ABOUT_RETURN_TYPE = YES_ERROR;
				GCC_WARN_UNDECLARED_SELECTOR = YES;
				GCC_WARN_UNINITIALIZED_AUTOS = YES_AGGRESSIVE;
				GCC_WARN_UNUSED_FUNCTION = YES;
				GCC_WARN_UNUSED_VARIABLE = YES;
				IPHONEOS_DEPLOYMENT_TARGET = 8.1;
				MTL_ENABLE_DEBUG_INFO = YES;
				ONLY_ACTIVE_ARCH = YES;
				SDKROOT = iphoneos;
				SWIFT_OPTIMIZATION_LEVEL = "-Onone";
			};
			name = Debug;
		};
		36AC59391A50CDAB00A54F49 /* Release */ = {
			isa = XCBuildConfiguration;
			buildSettings = {
				ALWAYS_SEARCH_USER_PATHS = NO;
				CLANG_CXX_LANGUAGE_STANDARD = "gnu++0x";
				CLANG_CXX_LIBRARY = "libc++";
				CLANG_ENABLE_MODULES = YES;
				CLANG_ENABLE_OBJC_ARC = YES;
				CLANG_WARN_BOOL_CONVERSION = YES;
				CLANG_WARN_CONSTANT_CONVERSION = YES;
				CLANG_WARN_DIRECT_OBJC_ISA_USAGE = YES_ERROR;
				CLANG_WARN_EMPTY_BODY = YES;
				CLANG_WARN_ENUM_CONVERSION = YES;
				CLANG_WARN_INT_CONVERSION = YES;
				CLANG_WARN_OBJC_ROOT_CLASS = YES_ERROR;
				CLANG_WARN_UNREACHABLE_CODE = YES;
				CLANG_WARN__DUPLICATE_METHOD_MATCH = YES;
				"CODE_SIGN_IDENTITY[sdk=iphoneos*]" = "iPhone Developer";
				COPY_PHASE_STRIP = YES;
				ENABLE_NS_ASSERTIONS = NO;
				ENABLE_STRICT_OBJC_MSGSEND = YES;
				GCC_C_LANGUAGE_STANDARD = gnu99;
				GCC_WARN_64_TO_32_BIT_CONVERSION = YES;
				GCC_WARN_ABOUT_RETURN_TYPE = YES_ERROR;
				GCC_WARN_UNDECLARED_SELECTOR = YES;
				GCC_WARN_UNINITIALIZED_AUTOS = YES_AGGRESSIVE;
				GCC_WARN_UNUSED_FUNCTION = YES;
				GCC_WARN_UNUSED_VARIABLE = YES;
				IPHONEOS_DEPLOYMENT_TARGET = 8.1;
				MTL_ENABLE_DEBUG_INFO = NO;
				SDKROOT = iphoneos;
				VALIDATE_PRODUCT = YES;
			};
			name = Release;
		};
		36AC593B1A50CDAB00A54F49 /* Debug */ = {
			isa = XCBuildConfiguration;
			buildSettings = {
				ASSETCATALOG_COMPILER_APPICON_NAME = AppIcon;
				INFOPLIST_FILE = catalogo/Info.plist;
				LD_RUNPATH_SEARCH_PATHS = "$(inherited) @executable_path/Frameworks";
				PRODUCT_NAME = "$(TARGET_NAME)";
			};
			name = Debug;
		};
		36AC593C1A50CDAB00A54F49 /* Release */ = {
			isa = XCBuildConfiguration;
			buildSettings = {
				ASSETCATALOG_COMPILER_APPICON_NAME = AppIcon;
				INFOPLIST_FILE = catalogo/Info.plist;
				LD_RUNPATH_SEARCH_PATHS = "$(inherited) @executable_path/Frameworks";
				PRODUCT_NAME = "$(TARGET_NAME)";
			};
			name = Release;
		};
		36AC593E1A50CDAB00A54F49 /* Debug */ = {
			isa = XCBuildConfiguration;
			buildSettings = {
				BUNDLE_LOADER = "$(TEST_HOST)";
				FRAMEWORK_SEARCH_PATHS = (
					"$(SDKROOT)/Developer/Library/Frameworks",
					"$(inherited)",
				);
				GCC_PREPROCESSOR_DEFINITIONS = (
					"DEBUG=1",
					"$(inherited)",
				);
				INFOPLIST_FILE = catalogoTests/Info.plist;
				LD_RUNPATH_SEARCH_PATHS = "$(inherited) @executable_path/Frameworks @loader_path/Frameworks";
				PRODUCT_NAME = "$(TARGET_NAME)";
				TEST_HOST = "$(BUILT_PRODUCTS_DIR)/catalogo.app/catalogo";
			};
			name = Debug;
		};
		36AC593F1A50CDAB00A54F49 /* Release */ = {
			isa = XCBuildConfiguration;
			buildSettings = {
				BUNDLE_LOADER = "$(TEST_HOST)";
				FRAMEWORK_SEARCH_PATHS = (
					"$(SDKROOT)/Developer/Library/Frameworks",
					"$(inherited)",
				);
				INFOPLIST_FILE = catalogoTests/Info.plist;
				LD_RUNPATH_SEARCH_PATHS = "$(inherited) @executable_path/Frameworks @loader_path/Frameworks";
				PRODUCT_NAME = "$(TARGET_NAME)";
				TEST_HOST = "$(BUILT_PRODUCTS_DIR)/catalogo.app/catalogo";
			};
			name = Release;
		};
/* End XCBuildConfiguration section */

/* Begin XCConfigurationList section */
		36AC59131A50CDAB00A54F49 /* Build configuration list for PBXProject "catalogo" */ = {
			isa = XCConfigurationList;
			buildConfigurations = (
				36AC59381A50CDAB00A54F49 /* Debug */,
				36AC59391A50CDAB00A54F49 /* Release */,
			);
			defaultConfigurationIsVisible = 0;
			defaultConfigurationName = Release;
		};
		36AC593A1A50CDAB00A54F49 /* Build configuration list for PBXNativeTarget "catalogo" */ = {
			isa = XCConfigurationList;
			buildConfigurations = (
				36AC593B1A50CDAB00A54F49 /* Debug */,
				36AC593C1A50CDAB00A54F49 /* Release */,
			);
			defaultConfigurationIsVisible = 0;
		};
		36AC593D1A50CDAB00A54F49 /* Build configuration list for PBXNativeTarget "catalogoTests" */ = {
			isa = XCConfigurationList;
			buildConfigurations = (
				36AC593E1A50CDAB00A54F49 /* Debug */,
				36AC593F1A50CDAB00A54F49 /* Release */,
			);
			defaultConfigurationIsVisible = 0;
		};
/* End XCConfigurationList section */

/* Begin XCVersionGroup section */
		36AC591F1A50CDAB00A54F49 /* catalogo.xcdatamodeld */ = {
			isa = XCVersionGroup;
			children = (
				36AC59201A50CDAB00A54F49 /* catalogo.xcdatamodel */,
			);
			currentVersion = 36AC59201A50CDAB00A54F49 /* catalogo.xcdatamodel */;
			path = catalogo.xcdatamodeld;
			sourceTree = "<group>";
			versionGroupType = wrapper.xcdatamodel;
		};
/* End XCVersionGroup section */
	};
	rootObject = 36AC59101A50CDAB00A54F49 /* Project object */;
}
